
Microsoft Visual Studio Solution File, Format Version 12.00
# Visual Studio Version 17
VisualStudioVersion = 17.14.36414.22 d17.14
MinimumVisualStudioVersion = 10.0.40219.1
Project("{FAE04EC0-301F-11D3-BF4B-00C04F79EFBC}") = "101025", "101025.csproj", "{E3118533-728E-458F-BB74-3C6DE342EE13}"
EndProject
Global
	GlobalSection(SolutionConfigurationPlatforms) = preSolution
		Debug|Any CPU = Debug|Any CPU
		Release|Any CPU = Release|Any CPU
	EndGlobalSection
	GlobalSection(ProjectConfigurationPlatforms) = postSolution
		{E3118533-728E-458F-BB74-3C6DE342EE13}.Debug|Any CPU.ActiveCfg = Debug|Any CPU
		{E3118533-728E-458F-BB74-3C6DE342EE13}.Debug|Any CPU.Build.0 = Debug|Any CPU
		{E3118533-728E-458F-BB74-3C6DE342EE13}.Release|Any CPU.ActiveCfg = Release|Any CPU
		{E3118533-728E-458F-BB74-3C6DE342EE13}.Release|Any CPU.Build.0 = Release|Any CPU
	EndGlobalSection
	GlobalSection(SolutionProperties) = preSolution
		HideSolutionNode = FALSE
	EndGlobalSection
	GlobalSection(ExtensibilityGlobals) = postSolution
		SolutionGuid = {5B3A9A89-FF01-460B-8918-8297DC3E3B5F}
	EndGlobalSection
EndGlobal
