
Microsoft Visual Studio Solution File, Format Version 12.00
# Visual Studio Version 17
VisualStudioVersion = 17.14.36414.22 d17.14
MinimumVisualStudioVersion = 10.0.40219.1
Project("{FAE04EC0-301F-11D3-BF4B-00C04F79EFBC}") = "120925", "120925\120925.csproj", "{EFDAB375-7D40-4268-82ED-5C3BE6775747}"
EndProject
Global
	GlobalSection(SolutionConfigurationPlatforms) = preSolution
		Debug|Any CPU = Debug|Any CPU
		Release|Any CPU = Release|Any CPU
	EndGlobalSection
	GlobalSection(ProjectConfigurationPlatforms) = postSolution
		{EFDAB375-7D40-4268-82ED-5C3BE6775747}.Debug|Any CPU.ActiveCfg = Debug|Any CPU
		{EFDAB375-7D40-4268-82ED-5C3BE6775747}.Debug|Any CPU.Build.0 = Debug|Any CPU
		{EFDAB375-7D40-4268-82ED-5C3BE6775747}.Release|Any CPU.ActiveCfg = Release|Any CPU
		{EFDAB375-7D40-4268-82ED-5C3BE6775747}.Release|Any CPU.Build.0 = Release|Any CPU
	EndGlobalSection
	GlobalSection(SolutionProperties) = preSolution
		HideSolutionNode = FALSE
	EndGlobalSection
	GlobalSection(ExtensibilityGlobals) = postSolution
		SolutionGuid = {E5A5A675-57C3-430B-BCFA-56B4676BD79B}
	EndGlobalSection
EndGlobal
