
Microsoft Visual Studio Solution File, Format Version 12.00
# Visual Studio Version 17
VisualStudioVersion = 17.14.36414.22 d17.14
MinimumVisualStudioVersion = 10.0.40219.1
Project("{FAE04EC0-301F-11D3-BF4B-00C04F79EFBC}") = "031025", "031025.csproj", "{6AD3F4AE-8689-44DD-BFCF-6E808828E97B}"
EndProject
Global
	GlobalSection(SolutionConfigurationPlatforms) = preSolution
		Debug|Any CPU = Debug|Any CPU
		Release|Any CPU = Release|Any CPU
	EndGlobalSection
	GlobalSection(ProjectConfigurationPlatforms) = postSolution
		{6AD3F4AE-8689-44DD-BFCF-6E808828E97B}.Debug|Any CPU.ActiveCfg = Debug|Any CPU
		{6AD3F4AE-8689-44DD-BFCF-6E808828E97B}.Debug|Any CPU.Build.0 = Debug|Any CPU
		{6AD3F4AE-8689-44DD-BFCF-6E808828E97B}.Release|Any CPU.ActiveCfg = Release|Any CPU
		{6AD3F4AE-8689-44DD-BFCF-6E808828E97B}.Release|Any CPU.Build.0 = Release|Any CPU
	EndGlobalSection
	GlobalSection(SolutionProperties) = preSolution
		HideSolutionNode = FALSE
	EndGlobalSection
	GlobalSection(ExtensibilityGlobals) = postSolution
		SolutionGuid = {F7E041A5-085B-45AF-B3DC-2790741141DC}
	EndGlobalSection
EndGlobal
