
Microsoft Visual Studio Solution File, Format Version 12.00
# Visual Studio Version 17
VisualStudioVersion = 17.14.36414.22 d17.14
MinimumVisualStudioVersion = 10.0.40219.1
Project("{FAE04EC0-301F-11D3-BF4B-00C04F79EFBC}") = "190925", "190925\190925.csproj", "{532EC483-0F74-43E7-8539-7BF7583F19F5}"
EndProject
Global
	GlobalSection(SolutionConfigurationPlatforms) = preSolution
		Debug|Any CPU = Debug|Any CPU
		Release|Any CPU = Release|Any CPU
	EndGlobalSection
	GlobalSection(ProjectConfigurationPlatforms) = postSolution
		{532EC483-0F74-43E7-8539-7BF7583F19F5}.Debug|Any CPU.ActiveCfg = Debug|Any CPU
		{532EC483-0F74-43E7-8539-7BF7583F19F5}.Debug|Any CPU.Build.0 = Debug|Any CPU
		{532EC483-0F74-43E7-8539-7BF7583F19F5}.Release|Any CPU.ActiveCfg = Release|Any CPU
		{532EC483-0F74-43E7-8539-7BF7583F19F5}.Release|Any CPU.Build.0 = Release|Any CPU
	EndGlobalSection
	GlobalSection(SolutionProperties) = preSolution
		HideSolutionNode = FALSE
	EndGlobalSection
	GlobalSection(ExtensibilityGlobals) = postSolution
		SolutionGuid = {1CF89DB2-F34C-4363-B3E7-4F10F510C875}
	EndGlobalSection
EndGlobal
